<?xml version="1.0" encoding="utf-8"?>
<Project ToolsVersion="4.0" xmlns="http://schemas.microsoft.com/developer/msbuild/2003">
  <ItemGroup>
    <Filter Include="Source Files">
      <UniqueIdentifier>{494edf0d-3b0b-409c-8338-c01960b622d8}</UniqueIdentifier>
      <Extensions>cpp;c;cxx;rc;def;r;odl;idl;hpj;bat</Extensions>
    </Filter>
    <Filter Include="Header Files">
      <UniqueIdentifier>{cbc76498-017d-4c30-b9fa-08b0bc062784}</UniqueIdentifier>
      <Extensions>h;hpp;hxx;hm;inl</Extensions>
    </Filter>
    <Filter Include="moc">
      <UniqueIdentifier>{2b6f4a18-4208-45e0-b76c-642c6a208fd0}</UniqueIdentifier>
    </Filter>
  </ItemGroup>
  <ItemGroup>
    <ClCompile Include="ModuleManager.cpp">
      <Filter>Source Files</Filter>
    </ClCompile>
    <ClCompile Include="PropertiesSignaturePlotObject.cpp">
      <Filter>Source Files</Filter>
    </ClCompile>
    <ClCompile Include="SignaturePlotObject.cpp">
      <Filter>Source Files</Filter>
    </ClCompile>
    <ClCompile Include="SignatureWindow.cpp">
      <Filter>Source Files</Filter>
    </ClCompile>
    <ClCompile Include="SignatureWindowOptions.cpp">
      <Filter>Source Files</Filter>
    </ClCompile>
    <ClCompile Include="$(BuildDir)\Moc\$(ProjectName)\moc_PropertiesSignaturePlotObject.cpp">
      <Filter>moc</Filter>
    </ClCompile>
    <ClCompile Include="$(BuildDir)\Moc\$(ProjectName)\moc_SignaturePlotObject.cpp">
      <Filter>moc</Filter>
    </ClCompile>
    <ClCompile Include="$(BuildDir)\Moc\$(ProjectName)\moc_SignatureWindow.cpp">
      <Filter>moc</Filter>
    </ClCompile>
  </ItemGroup>
  <ItemGroup>
    <ClInclude Include="SignatureWindowIcons.h">
      <Filter>Header Files</Filter>
    </ClInclude>
    <ClInclude Include="SignatureWindowOptions.h">
      <Filter>Header Files</Filter>
    </ClInclude>
  </ItemGroup>
  <ItemGroup>
    <CustomBuild Include="PropertiesSignaturePlotObject.h">
      <Filter>Header Files</Filter>
    </CustomBuild>
    <CustomBuild Include="SignaturePlotObject.h">
      <Filter>Header Files</Filter>
    </CustomBuild>
    <CustomBuild Include="SignatureWindow.h">
      <Filter>Header Files</Filter>
    </CustomBuild>
  </ItemGroup>
</Project>