<?xml version="1.0" encoding="utf-8"?>
<Project ToolsVersion="4.0" xmlns="http://schemas.microsoft.com/developer/msbuild/2003">
  <ItemGroup>
    <Filter Include="Source Files">
      <UniqueIdentifier>{c1d903c5-3d56-479f-b681-fa25fe4cb346}</UniqueIdentifier>
      <Extensions>cpp;c;cxx;rc;def;r;odl;idl;hpj;bat</Extensions>
    </Filter>
    <Filter Include="Header Files">
      <UniqueIdentifier>{6112f041-775d-4531-b60b-3a2630e7ec88}</UniqueIdentifier>
      <Extensions>h;hpp;hxx;hm;inl</Extensions>
    </Filter>
    <Filter Include="moc">
      <UniqueIdentifier>{6ad374b0-3f01-4746-9038-e1d511e35eaa}</UniqueIdentifier>
    </Filter>
  </ItemGroup>
  <ItemGroup>
    <ClCompile Include="BandResamplePager.cpp">
      <Filter>Source Files</Filter>
    </ClCompile>
    <ClCompile Include="LandsatEtmPlusImporter.cpp">
      <Filter>Source Files</Filter>
    </ClCompile>
    <ClCompile Include="LandsatTmImporter.cpp">
      <Filter>Source Files</Filter>
    </ClCompile>
    <ClCompile Include="LandsatUtilities.cpp">
      <Filter>Source Files</Filter>
    </ClCompile>
    <ClCompile Include="ModuleManager.cpp">
      <Filter>Source Files</Filter>
    </ClCompile>
    <ClCompile Include="LandsatGeotiffImporter.cpp">
      <Filter>Source Files</Filter>
    </ClCompile>
    <ClCompile Include="LandsatGeotiffRasterPager.cpp">
      <Filter>Source Files</Filter>
    </ClCompile>
    <ClCompile Include="OptionsLandsatImport.cpp">
      <Filter>Source Files</Filter>
    </ClCompile>
    <ClCompile Include="$(BuildDir)\Moc\$(ProjectName)\moc_OptionsLandsatImport.cpp">
      <Filter>moc</Filter>
    </ClCompile>
  </ItemGroup>
  <ItemGroup>
    <ClInclude Include="BandResamplePager.h">
      <Filter>Header Files</Filter>
    </ClInclude>
    <ClInclude Include="LandsatEtmPlusImporter.h">
      <Filter>Header Files</Filter>
    </ClInclude>
    <ClInclude Include="LandsatTmImporter.h">
      <Filter>Header Files</Filter>
    </ClInclude>
    <ClInclude Include="LandsatUtilities.h">
      <Filter>Header Files</Filter>
    </ClInclude>
    <ClInclude Include="LandsatGeotiffImporter.h">
      <Filter>Header Files</Filter>
    </ClInclude>
    <ClInclude Include="LandsatGeotiffRasterPager.h">
      <Filter>Header Files</Filter>
    </ClInclude>
  </ItemGroup>
  <ItemGroup>
    <CustomBuild Include="OptionsLandsatImport.h">
      <Filter>Header Files</Filter>
    </CustomBuild>
  </ItemGroup>
  <ItemGroup>
    <None Include="Landsat.rationale" />
  </ItemGroup>
</Project>
