<?xml version="1.0" encoding="utf-8"?>
<Project ToolsVersion="4.0" xmlns="http://schemas.microsoft.com/developer/msbuild/2003">
  <ItemGroup>
    <Filter Include="Source Files">
      <UniqueIdentifier>{941864c6-c92f-47a8-81b0-e8f4c1484239}</UniqueIdentifier>
      <Extensions>cpp;c;cc;cxx;def;odl;idl;hpj;bat;asm;asmx</Extensions>
    </Filter>
    <Filter Include="Header Files">
      <UniqueIdentifier>{571e90fb-b395-4025-b92f-63fc8b6aa819}</UniqueIdentifier>
      <Extensions>h;hpp;hxx;hm;inl;inc;xsd</Extensions>
    </Filter>
    <Filter Include="moc">
      <UniqueIdentifier>{8b76b90b-1a97-4838-93e8-ea503837ac50}</UniqueIdentifier>
    </Filter>
    <Filter Include="Rationale">
      <UniqueIdentifier>{5bf399f6-2220-4853-9f36-cfbf752770a6}</UniqueIdentifier>
    </Filter>
  </ItemGroup>
  <ItemGroup>
    <ClCompile Include="Iarr.cpp">
      <Filter>Source Files</Filter>
    </ClCompile>
    <ClCompile Include="IarrDlg.cpp">
      <Filter>Source Files</Filter>
    </ClCompile>
    <ClCompile Include="ModuleManager.cpp">
      <Filter>Source Files</Filter>
    </ClCompile>
    <ClCompile Include="$(BuildDir)\Moc\$(ProjectName)\moc_IarrDlg.cpp">
      <Filter>moc</Filter>
    </ClCompile>
  </ItemGroup>
  <ItemGroup>
    <ClInclude Include="Iarr.h">
      <Filter>Header Files</Filter>
    </ClInclude>
  </ItemGroup>
  <ItemGroup>
    <None Include="Iarr.rationale">
      <Filter>Rationale</Filter>
    </None>
  </ItemGroup>
  <ItemGroup>
    <CustomBuild Include="IarrDlg.h">
      <Filter>Header Files</Filter>
    </CustomBuild>
  </ItemGroup>
</Project>