<?xml version="1.0" encoding="utf-8"?>
<Project ToolsVersion="4.0" xmlns="http://schemas.microsoft.com/developer/msbuild/2003">
  <ItemGroup>
    <Filter Include="Source Files">
      <UniqueIdentifier>{E1689546-638A-480F-B9C6-27A0FDA9F22E}</UniqueIdentifier>
      <Extensions>cpp;c;cxx;rc;def;r;odl;idl;hpj;bat</Extensions>
    </Filter>
    <Filter Include="Header Files">
      <UniqueIdentifier>{8B69E7B3-4892-4B5A-8FFB-33A47F3416B3}</UniqueIdentifier>
      <Extensions>h;hpp;hxx;hm;inl</Extensions>
    </Filter>
    <Filter Include="moc">
      <UniqueIdentifier>{9890881E-0285-4459-994C-500831FCDAB0}</UniqueIdentifier>
    </Filter>
  </ItemGroup>
  <ItemGroup>
    <ClCompile Include="DgImporter.cpp">
      <Filter>Source Files</Filter>
    </ClCompile>
    <ClCompile Include="ModuleManager.cpp">
      <Filter>Source Files</Filter>
    </ClCompile>
    <ClCompile Include="DgFormatsRasterPager.cpp">
      <Filter>Source Files</Filter>
    </ClCompile>
    <ClCompile Include="DgFileTile.cpp">
      <Filter>Source Files</Filter>
    </ClCompile>
    <ClCompile Include="DgUtilities.cpp">
      <Filter>Source Files</Filter>
    </ClCompile>
    <ClCompile Include="OptionsDgImport.cpp">
      <Filter>Source Files</Filter>
    </ClCompile>
    <ClCompile Include="$(BuildDir)\Moc\$(ProjectName)\moc_OptionsDgImport.cpp">
      <Filter>moc</Filter>
    </ClCompile>
  </ItemGroup>
  <ItemGroup>
    <ClInclude Include="DgImporter.h">
      <Filter>Header Files</Filter>
    </ClInclude>
    <ClInclude Include="DgFormatsRasterPager.h">
      <Filter>Header Files</Filter>
    </ClInclude>
    <ClInclude Include="DgFileTile.h">
      <Filter>Header Files</Filter>
    </ClInclude>
    <ClInclude Include="DgUtilities.h">
      <Filter>Header Files</Filter>
    </ClInclude>
  </ItemGroup>
  <ItemGroup>
    <CustomBuild Include="OptionsDgImport.h">
      <Filter>Header Files</Filter>
    </CustomBuild>
  </ItemGroup>
</Project>
