<?xml version="1.0" encoding="utf-8"?>
<Project ToolsVersion="4.0" xmlns="http://schemas.microsoft.com/developer/msbuild/2003">
  <ItemGroup>
    <Filter Include="Source Files">
      <UniqueIdentifier>{3acb4e34-0422-4dc1-b3a6-f624a7d156f0}</UniqueIdentifier>
      <Extensions>cpp;c;cc;cxx;def;odl;idl;hpj;bat;asm;asmx</Extensions>
    </Filter>
    <Filter Include="Header Files">
      <UniqueIdentifier>{21e93768-156a-4b26-8f52-326d205f66a8}</UniqueIdentifier>
      <Extensions>h;hpp;hxx;hm;inl;inc;xsd</Extensions>
    </Filter>
    <Filter Include="moc">
      <UniqueIdentifier>{8839253c-9059-48c7-b927-a1461dd62e0b}</UniqueIdentifier>
    </Filter>
  </ItemGroup>
  <ItemGroup>
    <ClCompile Include="CommonPlugInArgs.cpp">
      <Filter>Source Files</Filter>
    </ClCompile>
    <ClCompile Include="SpectralSignatureSelector.cpp">
      <Filter>Source Files</Filter>
    </ClCompile>
    <ClCompile Include="SpectralUtilities.cpp">
      <Filter>Source Files</Filter>
    </ClCompile>
    <ClCompile Include="$(BuildDir)\Moc\$(ProjectName)\moc_SpectralSignatureSelector.cpp">
      <Filter>moc</Filter>
    </ClCompile>
    <ClCompile Include="CommonSignatureMetadataKeys.cpp">
      <Filter>Source Files</Filter>
    </ClCompile>
  </ItemGroup>
  <ItemGroup>
    <ClInclude Include="CommonPlugInArgs.h">
      <Filter>Header Files</Filter>
    </ClInclude>
    <ClInclude Include="SpectralContextMenuActions.h">
      <Filter>Header Files</Filter>
    </ClInclude>
    <ClInclude Include="SpectralUtilities.h">
      <Filter>Header Files</Filter>
    </ClInclude>
    <ClInclude Include="CommonSignatureMetadataKeys.h">
      <Filter>Header Files</Filter>
    </ClInclude>
  </ItemGroup>
  <ItemGroup>
    <CustomBuild Include="SpectralSignatureSelector.h">
      <Filter>Header Files</Filter>
    </CustomBuild>
  </ItemGroup>
</Project>