<?xml version="1.0" encoding="utf-8"?>
<Project ToolsVersion="4.0" xmlns="http://schemas.microsoft.com/developer/msbuild/2003">
  <ItemGroup>
    <Filter Include="Source Files">
      <UniqueIdentifier>{0f543970-0946-4f6f-8f9e-dcfdefda78f6}</UniqueIdentifier>
      <Extensions>cpp;c;cxx;rc;def;r;odl;idl;hpj;bat</Extensions>
    </Filter>
    <Filter Include="Header Files">
      <UniqueIdentifier>{c4130f6c-07ed-42c4-8778-89486edf4bce}</UniqueIdentifier>
      <Extensions>h;hpp;hxx;hm;inl</Extensions>
    </Filter>
    <Filter Include="uic">
      <UniqueIdentifier>{93911c2d-90bc-4eac-bd2f-6cf631d535d6}</UniqueIdentifier>
    </Filter>
    <Filter Include="moc">
      <UniqueIdentifier>{25d62b87-bcf8-499c-86be-1c0d8f8be49b}</UniqueIdentifier>
    </Filter>
  </ItemGroup>
  <ItemGroup>
    <ClCompile Include="ModuleManager.cpp">
      <Filter>Source Files</Filter>
    </ClCompile>
    <ClCompile Include="Tad.cpp">
      <Filter>Source Files</Filter>
    </ClCompile>
    <ClCompile Include="TadDialog.cpp">
      <Filter>Source Files</Filter>
    </ClCompile>
    <ClCompile Include="$(BuildDir)\Moc\$(ProjectName)\moc_TadDialog.cpp">
      <Filter>moc</Filter>
    </ClCompile>
  </ItemGroup>
  <ItemGroup>
    <ClInclude Include="Tad.h">
      <Filter>Header Files</Filter>
    </ClInclude>
    <ClInclude Include="$(BuildDir)\uic\$(ProjectName)\ui_TadDialog.h">
      <Filter>uic</Filter>
    </ClInclude>
  </ItemGroup>
  <ItemGroup>
    <CustomBuild Include="TadDialog.ui">
      <Filter>Source Files</Filter>
    </CustomBuild>
    <CustomBuild Include="TadDialog.h">
      <Filter>Header Files</Filter>
    </CustomBuild>
  </ItemGroup>
</Project>